<?xml version="1.0" encoding="UTF-8" standalone="yes" ?>
<CodeBlocks_project_file>
	<FileVersion major="1" minor="6" />
	<Project>
		<Option title="caller_client" />
		<Option pch_mode="2" />
		<Option compiler="gcc" />
		<Build>
			<Target title="Debug">
				<Option output="bin/Debug/caller_client" prefix_auto="1" extension_auto="1" />
				<Option object_output="obj/Debug/" />
				<Option type="1" />
				<Option compiler="gcc" />
				<Option parameters="ct1.info" />
				<Environment>
					<Variable name="currconf" value="Debug" />
				</Environment>
			</Target>
			<Target title="Release">
				<Option output="bin/Release/caller_client" prefix_auto="1" extension_auto="1" />
				<Option object_output="obj/Release/" />
				<Option type="1" />
				<Option compiler="gcc" />
				<Compiler>
					<Add option="-O2" />
				</Compiler>
				<Linker>
					<Add option="-s" />
				</Linker>
				<Environment>
					<Variable name="currconf" value="Release" />
				</Environment>
			</Target>
		</Build>
		<Compiler>
			<Add option="-Wall" />
			<Add option="-std=c++11" />
			<Add option="-g" />
			<Add option="-fexceptions" />
			<Add directory="../settings_read" />
			<Add directory="/usr/share/boost_extr/boost_1_63_0" />
		</Compiler>
		<Linker>
			<Add option="-lsettings_read" />
			<Add option="-lpthread" />
			<Add option="-lboost_thread" />
			<Add option="-lboost_system" />
			<Add option="-lboost_regex" />
			<Add option="-lboost_serialization" />
			<Add directory="../settings_read/bin/$(currconf)" />
			<Add directory="/usr/share/boost_extr/boost_1_63_0/stage/lib" />
		</Linker>
		<ExtraCommands>
			<Add after='echo &quot;(TARGET_OUTPUT_FILE) is $(TARGET_OUTPUT_FILE)&quot;' />
			<Add after='echo  &quot;(TARGET_OUTPUT_FILENAME) is $(TARGET_OUTPUT_FILENAME)&quot;' />
			<Add after="pwd" />
			<Add after='chmod +x &quot;./$(TARGET_OUTPUT_FILE)&quot;' />
		</ExtraCommands>
		<Unit filename="ccompaniesreader.cpp" />
		<Unit filename="ccompaniesreader.h" />
		<Unit filename="src/caller_client.cpp" />
		<Extensions>
			<code_completion />
			<envvars />
			<lib_finder disable_auto="1" />
			<debugger>
				<search_path add="/usr/share/boost_extr/boost_1_63_0/boost/archive/impl" />
				<search_path add="/usr/share/boost_extr/boost_1_63_0/boost/archive" />
			</debugger>
		</Extensions>
	</Project>
</CodeBlocks_project_file>
